
Microsoft Visual Studio Solution File, Format Version 12.00
# Visual Studio 15
VisualStudioVersion = 15.0.28307.705
MinimumVisualStudioVersion = 10.0.40219.1
Project("{FAE04EC0-301F-11D3-BF4B-00C04F79EFBC}") = "WebAPIinMVC", "WebAPIinMVC\WebAPIinMVC.csproj", "{B3734B2D-B45F-4508-9DE1-DDB3D0E26ED4}"
EndProject
Project("{FAE04EC0-301F-11D3-BF4B-00C04F79EFBC}") = "MVC", "MVC\MVC.csproj", "{02497F37-CD8C-4674-8626-2207128785BB}"
EndProject
Global
	GlobalSection(SolutionConfigurationPlatforms) = preSolution
		Debug|Any CPU = Debug|Any CPU
		Release|Any CPU = Release|Any CPU
	EndGlobalSection
	GlobalSection(ProjectConfigurationPlatforms) = postSolution
		{B3734B2D-B45F-4508-9DE1-DDB3D0E26ED4}.Debug|Any CPU.ActiveCfg = Debug|Any CPU
		{B3734B2D-B45F-4508-9DE1-DDB3D0E26ED4}.Debug|Any CPU.Build.0 = Debug|Any CPU
		{B3734B2D-B45F-4508-9DE1-DDB3D0E26ED4}.Release|Any CPU.ActiveCfg = Release|Any CPU
		{B3734B2D-B45F-4508-9DE1-DDB3D0E26ED4}.Release|Any CPU.Build.0 = Release|Any CPU
		{02497F37-CD8C-4674-8626-2207128785BB}.Debug|Any CPU.ActiveCfg = Debug|Any CPU
		{02497F37-CD8C-4674-8626-2207128785BB}.Debug|Any CPU.Build.0 = Debug|Any CPU
		{02497F37-CD8C-4674-8626-2207128785BB}.Release|Any CPU.ActiveCfg = Release|Any CPU
		{02497F37-CD8C-4674-8626-2207128785BB}.Release|Any CPU.Build.0 = Release|Any CPU
	EndGlobalSection
	GlobalSection(SolutionProperties) = preSolution
		HideSolutionNode = FALSE
	EndGlobalSection
	GlobalSection(ExtensibilityGlobals) = postSolution
		SolutionGuid = {2CC95215-30C6-472B-8EBF-E86277503636}
	EndGlobalSection
EndGlobal
